# This file is automatically @generated by Cargo.
# It is not intended for manual editing.
version = 4

[[package]]
name = "immich-extended-common"
version = "0.1.0"

[[package]]
name = "immich-extended-engine"
version = "0.1.0"
dependencies = [
 "immich-extended-common",
]

[[package]]
name = "immich-extended-immich-client"
version = "0.1.0"
dependencies = [
 "immich-extended-common",
]

[[package]]
name = "immich-extended-server"
version = "0.1.0"
dependencies = [
 "immich-extended-common",
 "immich-extended-engine",
 "immich-extended-immich-client",
 "immich-extended-yolo",
]

[[package]]
name = "immich-extended-yolo"
version = "0.1.0"
dependencies = [
 "immich-extended-common",
]
